// !$*UTF8*$!
{
	archiveVersion = 1;
	classes = {
	};
	objectVersion = 56;
	objects = {

/* Begin PBXBuildFile section */
		220669AA29BDCC9A00FFE329 /* AppDelegate.swift in Sources */ = {isa = PBXBuildFile; fileRef = 220669A929BDCC9A00FFE329 /* AppDelegate.swift */; };
		220669AC29BDCC9A00FFE329 /* SceneDelegate.swift in Sources */ = {isa = PBXBuildFile; fileRef = 220669AB29BDCC9A00FFE329 /* SceneDelegate.swift */; };
		220669AE29BDCC9A00FFE329 /* ViewController.swift in Sources */ = {isa = PBXBuildFile; fileRef = 220669AD29BDCC9A00FFE329 /* ViewController.swift */; };
		220669B129BDCC9A00FFE329 /* Main.storyboard in Resources */ = {isa = PBXBuildFile; fileRef = 220669AF29BDCC9A00FFE329 /* Main.storyboard */; };
		220669B329BDCC9B00FFE329 /* Assets.xcassets in Resources */ = {isa = PBXBuildFile; fileRef = 220669B229BDCC9B00FFE329 /* Assets.xcassets */; };
		220669B629BDCC9B00FFE329 /* LaunchScreen.storyboard in Resources */ = {isa = PBXBuildFile; fileRef = 220669B429BDCC9B00FFE329 /* LaunchScreen.storyboard */; };
		220669BE29BDCCBC00FFE329 /* Kullanici.swift in Sources */ = {isa = PBXBuildFile; fileRef = 220669BD29BDCCBC00FFE329 /* Kullanici.swift */; };
		220669C029BDD2B600FFE329 /* CustomTableViewCell.swift in Sources */ = {isa = PBXBuildFile; fileRef = 220669BF29BDD2B600FFE329 /* CustomTableViewCell.swift */; };
/* End PBXBuildFile section */

/* Begin PBXFileReference section */
		220669A629BDCC9A00FFE329 /* SqliteOrnek.app */ = {isa = PBXFileReference; explicitFileType = wrapper.application; includeInIndex = 0; path = SqliteOrnek.app; sourceTree = BUILT_PRODUCTS_DIR; };
		220669A929BDCC9A00FFE329 /* AppDelegate.swift */ = {isa = PBXFileReference; lastKnownFileType = sourcecode.swift; path = AppDelegate.swift; sourceTree = "<group>"; };
		220669AB29BDCC9A00FFE329 /* SceneDelegate.swift */ = {isa = PBXFileReference; lastKnownFileType = sourcecode.swift; path = SceneDelegate.swift; sourceTree = "<group>"; };
		220669AD29BDCC9A00FFE329 /* ViewController.swift */ = {isa = PBXFileReference; lastKnownFileType = sourcecode.swift; path = ViewController.swift; sourceTree = "<group>"; };
		220669B029BDCC9A00FFE329 /* Base */ = {isa = PBXFileReference; lastKnownFileType = file.storyboard; name = Base; path = Base.lproj/Main.storyboard; sourceTree = "<group>"; };
		220669B229BDCC9B00FFE329 /* Assets.xcassets */ = {isa = PBXFileReference; lastKnownFileType = folder.assetcatalog; path = Assets.xcassets; sourceTree = "<group>"; };
		220669B529BDCC9B00FFE329 /* Base */ = {isa = PBXFileReference; lastKnownFileType = file.storyboard; name = Base; path = Base.lproj/LaunchScreen.storyboard; sourceTree = "<group>"; };
		220669B729BDCC9B00FFE329 /* Info.plist */ = {isa = PBXFileReference; lastKnownFileType = text.plist.xml; path = Info.plist; sourceTree = "<group>"; };
		220669BD29BDCCBC00FFE329 /* Kullanici.swift */ = {isa = PBXFileReference; lastKnownFileType = sourcecode.swift; path = Kullanici.swift; sourceTree = "<group>"; };
		220669BF29BDD2B600FFE329 /* CustomTableViewCell.swift */ = {isa = PBXFileReference; lastKnownFileType = sourcecode.swift; path = CustomTableViewCell.swift; sourceTree = "<group>"; };
/* End PBXFileReference section */

/* Begin PBXFrameworksBuildPhase section */
		220669A329BDCC9A00FFE329 /* Frameworks */ = {
			isa = PBXFrameworksBuildPhase;
			buildActionMask = 2147483647;
			files = (
			);
			runOnlyForDeploymentPostprocessing = 0;
		};
/* End PBXFrameworksBuildPhase section */

/* Begin PBXGroup section */
		2206699D29BDCC9A00FFE329 = {
			isa = PBXGroup;
			children = (
				220669A829BDCC9A00FFE329 /* SqliteOrnek */,
				220669A729BDCC9A00FFE329 /* Products */,
			);
			sourceTree = "<group>";
		};
		220669A729BDCC9A00FFE329 /* Products */ = {
			isa = PBXGroup;
			children = (
				220669A629BDCC9A00FFE329 /* SqliteOrnek.app */,
			);
			name = Products;
			sourceTree = "<group>";
		};
		220669A829BDCC9A00FFE329 /* SqliteOrnek */ = {
			isa = PBXGroup;
			children = (
				220669A929BDCC9A00FFE329 /* AppDelegate.swift */,
				220669AB29BDCC9A00FFE329 /* SceneDelegate.swift */,
				220669AD29BDCC9A00FFE329 /* ViewController.swift */,
				220669AF29BDCC9A00FFE329 /* Main.storyboard */,
				220669B229BDCC9B00FFE329 /* Assets.xcassets */,
				220669B429BDCC9B00FFE329 /* LaunchScreen.storyboard */,
				220669B729BDCC9B00FFE329 /* Info.plist */,
				220669BD29BDCCBC00FFE329 /* Kullanici.swift */,
				220669BF29BDD2B600FFE329 /* CustomTableViewCell.swift */,
			);
			path = SqliteOrnek;
			sourceTree = "<group>";
		};
/* End PBXGroup section */

/* Begin PBXNativeTarget section */
		220669A529BDCC9A00FFE329 /* SqliteOrnek */ = {
			isa = PBXNativeTarget;
			buildConfigurationList = 220669BA29BDCC9B00FFE329 /* Build configuration list for PBXNativeTarget "SqliteOrnek" */;
			buildPhases = (
				220669A229BDCC9A00FFE329 /* Sources */,
				220669A329BDCC9A00FFE329 /* Frameworks */,
				220669A429BDCC9A00FFE329 /* Resources */,
			);
			buildRules = (
			);
			dependencies = (
			);
			name = SqliteOrnek;
			productName = SqliteOrnek;
			productReference = 220669A629BDCC9A00FFE329 /* SqliteOrnek.app */;
			productType = "com.apple.product-type.application";
		};
/* End PBXNativeTarget section */

/* Begin PBXProject section */
		2206699E29BDCC9A00FFE329 /* Project object */ = {
			isa = PBXProject;
			attributes = {
				BuildIndependentTargetsInParallel = 1;
				LastSwiftUpdateCheck = 1420;
				LastUpgradeCheck = 1420;
				TargetAttributes = {
					220669A529BDCC9A00FFE329 = {
						CreatedOnToolsVersion = 14.2;
					};
				};
			};
			buildConfigurationList = 220669A129BDCC9A00FFE329 /* Build configuration list for PBXProject "SqliteOrnek" */;
			compatibilityVersion = "Xcode 14.0";
			developmentRegion = en;
			hasScannedForEncodings = 0;
			knownRegions = (
				en,
				Base,
			);
			mainGroup = 2206699D29BDCC9A00FFE329;
			productRefGroup = 220669A729BDCC9A00FFE329 /* Products */;
			projectDirPath = "";
			projectRoot = "";
			targets = (
				220669A529BDCC9A00FFE329 /* SqliteOrnek */,
			);
		};
/* End PBXProject section */

/* Begin PBXResourcesBuildPhase section */
		220669A429BDCC9A00FFE329 /* Resources */ = {
			isa = PBXResourcesBuildPhase;
			buildActionMask = 2147483647;
			files = (
				220669B629BDCC9B00FFE329 /* LaunchScreen.storyboard in Resources */,
				220669B329BDCC9B00FFE329 /* Assets.xcassets in Resources */,
				220669B129BDCC9A00FFE329 /* Main.storyboard in Resources */,
			);
			runOnlyForDeploymentPostprocessing = 0;
		};
/* End PBXResourcesBuildPhase section */

/* Begin PBXSourcesBuildPhase section */
		220669A229BDCC9A00FFE329 /* Sources */ = {
			isa = PBXSourcesBuildPhase;
			buildActionMask = 2147483647;
			files = (
				220669AE29BDCC9A00FFE329 /* ViewController.swift in Sources */,
				220669C029BDD2B600FFE329 /* CustomTableViewCell.swift in Sources */,
				220669AA29BDCC9A00FFE329 /* AppDelegate.swift in Sources */,
				220669BE29BDCCBC00FFE329 /* Kullanici.swift in Sources */,
				220669AC29BDCC9A00FFE329 /* SceneDelegate.swift in Sources */,
			);
			runOnlyForDeploymentPostprocessing = 0;
		};
/* End PBXSourcesBuildPhase section */

/* Begin PBXVariantGroup section */
		220669AF29BDCC9A00FFE329 /* Main.storyboard */ = {
			isa = PBXVariantGroup;
			children = (
				220669B029BDCC9A00FFE329 /* Base */,
			);
			name = Main.storyboard;
			sourceTree = "<group>";
		};
		220669B429BDCC9B00FFE329 /* LaunchScreen.storyboard */ = {
			isa = PBXVariantGroup;
			children = (
				220669B529BDCC9B00FFE329 /* Base */,
			);
			name = LaunchScreen.storyboard;
			sourceTree = "<group>";
		};
/* End PBXVariantGroup section */

/* Begin XCBuildConfiguration section */
		220669B829BDCC9B00FFE329 /* Debug */ = {
			isa = XCBuildConfiguration;
			buildSettings = {
				ALWAYS_SEARCH_USER_PATHS = NO;
				CLANG_ANALYZER_NONNULL = YES;
				CLANG_ANALYZER_NUMBER_OBJECT_CONVERSION = YES_AGGRESSIVE;
				CLANG_CXX_LANGUAGE_STANDARD = "gnu++20";
				CLANG_ENABLE_MODULES = YES;
				CLANG_ENABLE_OBJC_ARC = YES;
				CLANG_ENABLE_OBJC_WEAK = YES;
				CLANG_WARN_BLOCK_CAPTURE_AUTORELEASING = YES;
				CLANG_WARN_BOOL_CONVERSION = YES;
				CLANG_WARN_COMMA = YES;
				CLANG_WARN_CONSTANT_CONVERSION = YES;
				CLANG_WARN_DEPRECATED_OBJC_IMPLEMENTATIONS = YES;
				CLANG_WARN_DIRECT_OBJC_ISA_USAGE = YES_ERROR;
				CLANG_WARN_DOCUMENTATION_COMMENTS = YES;
				CLANG_WARN_EMPTY_BODY = YES;
				CLANG_WARN_ENUM_CONVERSION = YES;
				CLANG_WARN_INFINITE_RECURSION = YES;
				CLANG_WARN_INT_CONVERSION = YES;
				CLANG_WARN_NON_LITERAL_NULL_CONVERSION = YES;
				CLANG_WARN_OBJC_IMPLICIT_RETAIN_SELF = YES;
				CLANG_WARN_OBJC_LITERAL_CONVERSION = YES;
				CLANG_WARN_OBJC_ROOT_CLASS = YES_ERROR;
				CLANG_WARN_QUOTED_INCLUDE_IN_FRAMEWORK_HEADER = YES;
				CLANG_WARN_RANGE_LOOP_ANALYSIS = YES;
				CLANG_WARN_STRICT_PROTOTYPES = YES;
				CLANG_WARN_SUSPICIOUS_MOVE = YES;
				CLANG_WARN_UNGUARDED_AVAILABILITY = YES_AGGRESSIVE;
				CLANG_WARN_UNREACHABLE_CODE = YES;
				CLANG_WARN__DUPLICATE_METHOD_MATCH = YES;
				COPY_PHASE_STRIP = NO;
				DEBUG_INFORMATION_FORMAT = dwarf;
				ENABLE_STRICT_OBJC_MSGSEND = YES;
				ENABLE_TESTABILITY = YES;
				GCC_C_LANGUAGE_STANDARD = gnu11;
				GCC_DYNAMIC_NO_PIC = NO;
				GCC_NO_COMMON_BLOCKS = YES;
				GCC_OPTIMIZATION_LEVEL = 0;
				GCC_PREPROCESSOR_DEFINITIONS = (
					"DEBUG=1",
					"$(inherited)",
				);
				GCC_WARN_64_TO_32_BIT_CONVERSION = YES;
				GCC_WARN_ABOUT_RETURN_TYPE = YES_ERROR;
				GCC_WARN_UNDECLARED_SELECTOR = YES;
				GCC_WARN_UNINITIALIZED_AUTOS = YES_AGGRESSIVE;
				GCC_WARN_UNUSED_FUNCTION = YES;
				GCC_WARN_UNUSED_VARIABLE = YES;
				IPHONEOS_DEPLOYMENT_TARGET = 16.2;
				MTL_ENABLE_DEBUG_INFO = INCLUDE_SOURCE;
				MTL_FAST_MATH = YES;
				ONLY_ACTIVE_ARCH = YES;
				SDKROOT = iphoneos;
				SWIFT_ACTIVE_COMPILATION_CONDITIONS = DEBUG;
				SWIFT_OPTIMIZATION_LEVEL = "-Onone";
			};
			name = Debug;
		};
		220669B929BDCC9B00FFE329 /* Release */ = {
			isa = XCBuildConfiguration;
			buildSettings = {
				ALWAYS_SEARCH_USER_PATHS = NO;
				CLANG_ANALYZER_NONNULL = YES;
				CLANG_ANALYZER_NUMBER_OBJECT_CONVERSION = YES_AGGRESSIVE;
				CLANG_CXX_LANGUAGE_STANDARD = "gnu++20";
				CLANG_ENABLE_MODULES = YES;
				CLANG_ENABLE_OBJC_ARC = YES;
				CLANG_ENABLE_OBJC_WEAK = YES;
				CLANG_WARN_BLOCK_CAPTURE_AUTORELEASING = YES;
				CLANG_WARN_BOOL_CONVERSION = YES;
				CLANG_WARN_COMMA = YES;
				CLANG_WARN_CONSTANT_CONVERSION = YES;
				CLANG_WARN_DEPRECATED_OBJC_IMPLEMENTATIONS = YES;
				CLANG_WARN_DIRECT_OBJC_ISA_USAGE = YES_ERROR;
				CLANG_WARN_DOCUMENTATION_COMMENTS = YES;
				CLANG_WARN_EMPTY_BODY = YES;
				CLANG_WARN_ENUM_CONVERSION = YES;
				CLANG_WARN_INFINITE_RECURSION = YES;
				CLANG_WARN_INT_CONVERSION = YES;
				CLANG_WARN_NON_LITERAL_NULL_CONVERSION = YES;
				CLANG_WARN_OBJC_IMPLICIT_RETAIN_SELF = YES;
				CLANG_WARN_OBJC_LITERAL_CONVERSION = YES;
				CLANG_WARN_OBJC_ROOT_CLASS = YES_ERROR;
				CLANG_WARN_QUOTED_INCLUDE_IN_FRAMEWORK_HEADER = YES;
				CLANG_WARN_RANGE_LOOP_ANALYSIS = YES;
				CLANG_WARN_STRICT_PROTOTYPES = YES;
				CLANG_WARN_SUSPICIOUS_MOVE = YES;
				CLANG_WARN_UNGUARDED_AVAILABILITY = YES_AGGRESSIVE;
				CLANG_WARN_UNREACHABLE_CODE = YES;
				CLANG_WARN__DUPLICATE_METHOD_MATCH = YES;
				COPY_PHASE_STRIP = NO;
				DEBUG_INFORMATION_FORMAT = "dwarf-with-dsym";
				ENABLE_NS_ASSERTIONS = NO;
				ENABLE_STRICT_OBJC_MSGSEND = YES;
				GCC_C_LANGUAGE_STANDARD = gnu11;
				GCC_NO_COMMON_BLOCKS = YES;
				GCC_WARN_64_TO_32_BIT_CONVERSION = YES;
				GCC_WARN_ABOUT_RETURN_TYPE = YES_ERROR;
				GCC_WARN_UNDECLARED_SELECTOR = YES;
				GCC_WARN_UNINITIALIZED_AUTOS = YES_AGGRESSIVE;
				GCC_WARN_UNUSED_FUNCTION = YES;
				GCC_WARN_UNUSED_VARIABLE = YES;
				IPHONEOS_DEPLOYMENT_TARGET = 16.2;
				MTL_ENABLE_DEBUG_INFO = NO;
				MTL_FAST_MATH = YES;
				SDKROOT = iphoneos;
				SWIFT_COMPILATION_MODE = wholemodule;
				SWIFT_OPTIMIZATION_LEVEL = "-O";
				VALIDATE_PRODUCT = YES;
			};
			name = Release;
		};
		220669BB29BDCC9B00FFE329 /* Debug */ = {
			isa = XCBuildConfiguration;
			buildSettings = {
				ASSETCATALOG_COMPILER_APPICON_NAME = AppIcon;
				ASSETCATALOG_COMPILER_GLOBAL_ACCENT_COLOR_NAME = AccentColor;
				CODE_SIGN_STYLE = Automatic;
				CURRENT_PROJECT_VERSION = 1;
				DEVELOPMENT_TEAM = GWCL4FQ7R5;
				GENERATE_INFOPLIST_FILE = YES;
				INFOPLIST_FILE = SqliteOrnek/Info.plist;
				INFOPLIST_KEY_UIApplicationSupportsIndirectInputEvents = YES;
				INFOPLIST_KEY_UILaunchStoryboardName = LaunchScreen;
				INFOPLIST_KEY_UIMainStoryboardFile = Main;
				INFOPLIST_KEY_UISupportedInterfaceOrientations_iPad = "UIInterfaceOrientationPortrait UIInterfaceOrientationPortraitUpsideDown UIInterfaceOrientationLandscapeLeft UIInterfaceOrientationLandscapeRight";
				INFOPLIST_KEY_UISupportedInterfaceOrientations_iPhone = "UIInterfaceOrientationPortrait UIInterfaceOrientationLandscapeLeft UIInterfaceOrientationLandscapeRight";
				LD_RUNPATH_SEARCH_PATHS = (
					"$(inherited)",
					"@executable_path/Frameworks",
				);
				MARKETING_VERSION = 1.0;
				PRODUCT_BUNDLE_IDENTIFIER = dilanozturk.SqliteOrnek;
				PRODUCT_NAME = "$(TARGET_NAME)";
				SWIFT_EMIT_LOC_STRINGS = YES;
				SWIFT_VERSION = 5.0;
				TARGETED_DEVICE_FAMILY = "1,2";
			};
			name = Debug;
		};
		220669BC29BDCC9B00FFE329 /* Release */ = {
			isa = XCBuildConfiguration;
			buildSettings = {
				ASSETCATALOG_COMPILER_APPICON_NAME = AppIcon;
				ASSETCATALOG_COMPILER_GLOBAL_ACCENT_COLOR_NAME = AccentColor;
				CODE_SIGN_STYLE = Automatic;
				CURRENT_PROJECT_VERSION = 1;
				DEVELOPMENT_TEAM = GWCL4FQ7R5;
				GENERATE_INFOPLIST_FILE = YES;
				INFOPLIST_FILE = SqliteOrnek/Info.plist;
				INFOPLIST_KEY_UIApplicationSupportsIndirectInputEvents = YES;
				INFOPLIST_KEY_UILaunchStoryboardName = LaunchScreen;
				INFOPLIST_KEY_UIMainStoryboardFile = Main;
				INFOPLIST_KEY_UISupportedInterfaceOrientations_iPad = "UIInterfaceOrientationPortrait UIInterfaceOrientationPortraitUpsideDown UIInterfaceOrientationLandscapeLeft UIInterfaceOrientationLandscapeRight";
				INFOPLIST_KEY_UISupportedInterfaceOrientations_iPhone = "UIInterfaceOrientationPortrait UIInterfaceOrientationLandscapeLeft UIInterfaceOrientationLandscapeRight";
				LD_RUNPATH_SEARCH_PATHS = (
					"$(inherited)",
					"@executable_path/Frameworks",
				);
				MARKETING_VERSION = 1.0;
				PRODUCT_BUNDLE_IDENTIFIER = dilanozturk.SqliteOrnek;
				PRODUCT_NAME = "$(TARGET_NAME)";
				SWIFT_EMIT_LOC_STRINGS = YES;
				SWIFT_VERSION = 5.0;
				TARGETED_DEVICE_FAMILY = "1,2";
			};
			name = Release;
		};
/* End XCBuildConfiguration section */

/* Begin XCConfigurationList section */
		220669A129BDCC9A00FFE329 /* Build configuration list for PBXProject "SqliteOrnek" */ = {
			isa = XCConfigurationList;
			buildConfigurations = (
				220669B829BDCC9B00FFE329 /* Debug */,
				220669B929BDCC9B00FFE329 /* Release */,
			);
			defaultConfigurationIsVisible = 0;
			defaultConfigurationName = Release;
		};
		220669BA29BDCC9B00FFE329 /* Build configuration list for PBXNativeTarget "SqliteOrnek" */ = {
			isa = XCConfigurationList;
			buildConfigurations = (
				220669BB29BDCC9B00FFE329 /* Debug */,
				220669BC29BDCC9B00FFE329 /* Release */,
			);
			defaultConfigurationIsVisible = 0;
			defaultConfigurationName = Release;
		};
/* End XCConfigurationList section */
	};
	rootObject = 2206699E29BDCC9A00FFE329 /* Project object */;
}
